
Microsoft Visual Studio Solution File, Format Version 12.00
# Visual Studio Version 17
VisualStudioVersion = 17.0.32112.339
MinimumVisualStudioVersion = 10.0.40219.1
Project("{FAE04EC0-301F-11D3-BF4B-00C04F79EFBC}") = "KosuMesafesiOlcer", "KosuMesafesiOlcer\KosuMesafesiOlcer.csproj", "{A4A518DF-B01B-413C-B4E9-F37E308CF6BB}"
EndProject
Project("{FAE04EC0-301F-11D3-BF4B-00C04F79EFBC}") = "UnitTestForKosuMesafesi", "UnitTestForKosuMesafesi\UnitTestForKosuMesafesi.csproj", "{B302D137-37C2-47CE-ADDB-E0A05E770E2D}"
EndProject
Global
	GlobalSection(SolutionConfigurationPlatforms) = preSolution
		Debug|Any CPU = Debug|Any CPU
		Release|Any CPU = Release|Any CPU
	EndGlobalSection
	GlobalSection(ProjectConfigurationPlatforms) = postSolution
		{A4A518DF-B01B-413C-B4E9-F37E308CF6BB}.Debug|Any CPU.ActiveCfg = Debug|Any CPU
		{A4A518DF-B01B-413C-B4E9-F37E308CF6BB}.Debug|Any CPU.Build.0 = Debug|Any CPU
		{A4A518DF-B01B-413C-B4E9-F37E308CF6BB}.Release|Any CPU.ActiveCfg = Release|Any CPU
		{A4A518DF-B01B-413C-B4E9-F37E308CF6BB}.Release|Any CPU.Build.0 = Release|Any CPU
		{B302D137-37C2-47CE-ADDB-E0A05E770E2D}.Debug|Any CPU.ActiveCfg = Debug|Any CPU
		{B302D137-37C2-47CE-ADDB-E0A05E770E2D}.Debug|Any CPU.Build.0 = Debug|Any CPU
		{B302D137-37C2-47CE-ADDB-E0A05E770E2D}.Release|Any CPU.ActiveCfg = Release|Any CPU
		{B302D137-37C2-47CE-ADDB-E0A05E770E2D}.Release|Any CPU.Build.0 = Release|Any CPU
	EndGlobalSection
	GlobalSection(SolutionProperties) = preSolution
		HideSolutionNode = FALSE
	EndGlobalSection
	GlobalSection(ExtensibilityGlobals) = postSolution
		SolutionGuid = {A302C4AD-7EC1-4C92-9F87-57B38AA04D32}
	EndGlobalSection
EndGlobal
